
Microsoft Visual Studio Solution File, Format Version 12.00
Project("{FAE04EC0-301F-11D3-BF4B-00C04F79EFBC}") = "CustomLogBuffer", "CustomLogBuffer.csproj", "{F6602E9F-666E-46A5-A027-4B5C984B2E62}"
EndProject
Global
	GlobalSection(SolutionConfigurationPlatforms) = preSolution
		Debug|Any CPU = Debug|Any CPU
		Release|Any CPU = Release|Any CPU
	EndGlobalSection
	GlobalSection(ProjectConfigurationPlatforms) = postSolution
		{F6602E9F-666E-46A5-A027-4B5C984B2E62}.Debug|Any CPU.ActiveCfg = Debug|Any CPU
		{F6602E9F-666E-46A5-A027-4B5C984B2E62}.Debug|Any CPU.Build.0 = Debug|Any CPU
		{F6602E9F-666E-46A5-A027-4B5C984B2E62}.Release|Any CPU.ActiveCfg = Release|Any CPU
		{F6602E9F-666E-46A5-A027-4B5C984B2E62}.Release|Any CPU.Build.0 = Release|Any CPU
	EndGlobalSection
EndGlobal
